
Microsoft Visual Studio Solution File, Format Version 12.00
# Visual Studio Version 16
VisualStudioVersion = 16.0.31702.278
MinimumVisualStudioVersion = 10.0.40219.1
Project("{FAE04EC0-301F-11D3-BF4B-00C04F79EFBC}") = "Data", "Data\Data.csproj", "{DA0543E3-F75A-4008-82D9-730DDADEDCA8}"
EndProject
Project("{FAE04EC0-301F-11D3-BF4B-00C04F79EFBC}") = "Client", "Client\Client.csproj", "{D2CA01B0-69A5-491F-B0AC-EC34D292412E}"
EndProject
Project("{FAE04EC0-301F-11D3-BF4B-00C04F79EFBC}") = "Api", "Api\Api.csproj", "{F48AD0A0-87A9-41AA-9BF0-8381798A14E4}"
EndProject
Global
	GlobalSection(SolutionConfigurationPlatforms) = preSolution
		Debug|Any CPU = Debug|Any CPU
		Release|Any CPU = Release|Any CPU
	EndGlobalSection
	GlobalSection(ProjectConfigurationPlatforms) = postSolution
		{DA0543E3-F75A-4008-82D9-730DDADEDCA8}.Debug|Any CPU.ActiveCfg = Debug|Any CPU
		{DA0543E3-F75A-4008-82D9-730DDADEDCA8}.Debug|Any CPU.Build.0 = Debug|Any CPU
		{DA0543E3-F75A-4008-82D9-730DDADEDCA8}.Release|Any CPU.ActiveCfg = Release|Any CPU
		{DA0543E3-F75A-4008-82D9-730DDADEDCA8}.Release|Any CPU.Build.0 = Release|Any CPU
		{D2CA01B0-69A5-491F-B0AC-EC34D292412E}.Debug|Any CPU.ActiveCfg = Debug|Any CPU
		{D2CA01B0-69A5-491F-B0AC-EC34D292412E}.Debug|Any CPU.Build.0 = Debug|Any CPU
		{D2CA01B0-69A5-491F-B0AC-EC34D292412E}.Release|Any CPU.ActiveCfg = Release|Any CPU
		{D2CA01B0-69A5-491F-B0AC-EC34D292412E}.Release|Any CPU.Build.0 = Release|Any CPU
		{F48AD0A0-87A9-41AA-9BF0-8381798A14E4}.Debug|Any CPU.ActiveCfg = Debug|Any CPU
		{F48AD0A0-87A9-41AA-9BF0-8381798A14E4}.Debug|Any CPU.Build.0 = Debug|Any CPU
		{F48AD0A0-87A9-41AA-9BF0-8381798A14E4}.Release|Any CPU.ActiveCfg = Release|Any CPU
		{F48AD0A0-87A9-41AA-9BF0-8381798A14E4}.Release|Any CPU.Build.0 = Release|Any CPU
	EndGlobalSection
	GlobalSection(SolutionProperties) = preSolution
		HideSolutionNode = FALSE
	EndGlobalSection
	GlobalSection(ExtensibilityGlobals) = postSolution
		SolutionGuid = {7D425142-4A5F-4CCF-A368-EE09BAAA093F}
	EndGlobalSection
EndGlobal
